PODS:
  - FSCalendar (2.4.0)
  - JTCalendar (2.1.9)
  - UAProgressView (0.1.3)

DEPENDENCIES:
  - FSCalendar
  - JTCalendar (~> 2.0)
  - UAProgressView

SPEC CHECKSUMS:
  FSCalendar: a9a02ab39a385b5a25bae2f96b50204292154a82
  JTCalendar: beb2f4c1b639bf6880f680b4858227acf83a049c
  UAProgressView: ce49aee47c14df6dc372f6fd57852f570ca97e6b

PODFILE CHECKSUM: 85f0853362d7e9f917da8d9f41bc90f0ef09f90f

COCOAPODS: 1.0.1
