// !$*UTF8*$!
{
	archiveVersion = 1;
	classes = {
	};
	objectVersion = 46;
	objects = {

/* Begin PBXBuildFile section */
		1814B6081D5DAACC00286822 /* Entry+CoreDataProperties.m in Sources */ = {isa = PBXBuildFile; fileRef = 1814B6051D5DAACC00286822 /* Entry+CoreDataProperties.m */; };
		1814B6091D5DAACC00286822 /* Entry.m in Sources */ = {isa = PBXBuildFile; fileRef = 1814B6071D5DAACC00286822 /* Entry.m */; };
		1814B60C1D5DAB6100286822 /* EntryManager.m in Sources */ = {isa = PBXBuildFile; fileRef = 1814B60B1D5DAB6100286822 /* EntryManager.m */; };
		184708FF1D5D1A350002BA29 /* main.m in Sources */ = {isa = PBXBuildFile; fileRef = 184708FE1D5D1A350002BA29 /* main.m */; };
		184709021D5D1A350002BA29 /* AppDelegate.m in Sources */ = {isa = PBXBuildFile; fileRef = 184709011D5D1A350002BA29 /* AppDelegate.m */; };
		184709051D5D1A350002BA29 /* Water_App.xcdatamodeld in Sources */ = {isa = PBXBuildFile; fileRef = 184709031D5D1A350002BA29 /* Water_App.xcdatamodeld */; };
		184709071D5D1A350002BA29 /* Assets.xcassets in Resources */ = {isa = PBXBuildFile; fileRef = 184709061D5D1A350002BA29 /* Assets.xcassets */; };
		1847090A1D5D1A350002BA29 /* LaunchScreen.storyboard in Resources */ = {isa = PBXBuildFile; fileRef = 184709081D5D1A350002BA29 /* LaunchScreen.storyboard */; };
		184709151D5D1A350002BA29 /* Water_AppTests.m in Sources */ = {isa = PBXBuildFile; fileRef = 184709141D5D1A350002BA29 /* Water_AppTests.m */; };
		184709201D5D1A350002BA29 /* Water_AppUITests.m in Sources */ = {isa = PBXBuildFile; fileRef = 1847091F1D5D1A350002BA29 /* Water_AppUITests.m */; };
		18843A971D60AA6A00856F67 /* DateFormatterManager.m in Sources */ = {isa = PBXBuildFile; fileRef = 18843A961D60AA6A00856F67 /* DateFormatterManager.m */; };
		18988FA11D5E2B3200540C77 /* IMG_0081.PNG in Resources */ = {isa = PBXBuildFile; fileRef = 18988FA01D5E2B3200540C77 /* IMG_0081.PNG */; };
		18D5AB5F1D62153300FA01FE /* MainViewController.m in Sources */ = {isa = PBXBuildFile; fileRef = 18D5AB5D1D62153300FA01FE /* MainViewController.m */; };
		18D5AB601D62153300FA01FE /* MainViewController.xib in Resources */ = {isa = PBXBuildFile; fileRef = 18D5AB5E1D62153300FA01FE /* MainViewController.xib */; };
		18FF6B371D6DA9F400E7FCB4 /* gear.png in Resources */ = {isa = PBXBuildFile; fileRef = 18FF6B361D6DA9F400E7FCB4 /* gear.png */; };
		65C01FAC34DCF9581D1E7BD7 /* libPods-Water App.a in Frameworks */ = {isa = PBXBuildFile; fileRef = F7E641946C9FFB906B0958E0 /* libPods-Water App.a */; };
		7A1DD4C72F87DC9611C1F8C8 /* libPods-Water AppUITests.a in Frameworks */ = {isa = PBXBuildFile; fileRef = BC4E97425D70DF529A700ED1 /* libPods-Water AppUITests.a */; };
		84018ED7E5EC5DE9FDED3696 /* libPods-Water AppTests.a in Frameworks */ = {isa = PBXBuildFile; fileRef = B2E5C3C14A09BFE8EBD96B14 /* libPods-Water AppTests.a */; };
/* End PBXBuildFile section */

/* Begin PBXContainerItemProxy section */
		184709111D5D1A350002BA29 /* PBXContainerItemProxy */ = {
			isa = PBXContainerItemProxy;
			containerPortal = 184708F21D5D1A350002BA29 /* Project object */;
			proxyType = 1;
			remoteGlobalIDString = 184708F91D5D1A350002BA29;
			remoteInfo = "Water App";
		};
		1847091C1D5D1A350002BA29 /* PBXContainerItemProxy */ = {
			isa = PBXContainerItemProxy;
			containerPortal = 184708F21D5D1A350002BA29 /* Project object */;
			proxyType = 1;
			remoteGlobalIDString = 184708F91D5D1A350002BA29;
			remoteInfo = "Water App";
		};
/* End PBXContainerItemProxy section */

/* Begin PBXFileReference section */
		0186C14BB0F19DC1988C7C14 /* Pods-Water AppUITests.release.xcconfig */ = {isa = PBXFileReference; includeInIndex = 1; lastKnownFileType = text.xcconfig; name = "Pods-Water AppUITests.release.xcconfig"; path = "Pods/Target Support Files/Pods-Water AppUITests/Pods-Water AppUITests.release.xcconfig"; sourceTree = "<group>"; };
		1814B6041D5DAACC00286822 /* Entry+CoreDataProperties.h */ = {isa = PBXFileReference; fileEncoding = 4; lastKnownFileType = sourcecode.c.h; path = "Entry+CoreDataProperties.h"; sourceTree = "<group>"; };
		1814B6051D5DAACC00286822 /* Entry+CoreDataProperties.m */ = {isa = PBXFileReference; fileEncoding = 4; lastKnownFileType = sourcecode.c.objc; path = "Entry+CoreDataProperties.m"; sourceTree = "<group>"; };
		1814B6061D5DAACC00286822 /* Entry.h */ = {isa = PBXFileReference; fileEncoding = 4; lastKnownFileType = sourcecode.c.h; path = Entry.h; sourceTree = "<group>"; };
		1814B6071D5DAACC00286822 /* Entry.m */ = {isa = PBXFileReference; fileEncoding = 4; lastKnownFileType = sourcecode.c.objc; path = Entry.m; sourceTree = "<group>"; };
		1814B60A1D5DAB6100286822 /* EntryManager.h */ = {isa = PBXFileReference; fileEncoding = 4; lastKnownFileType = sourcecode.c.h; path = EntryManager.h; sourceTree = "<group>"; };
		1814B60B1D5DAB6100286822 /* EntryManager.m */ = {isa = PBXFileReference; fileEncoding = 4; lastKnownFileType = sourcecode.c.objc; path = EntryManager.m; sourceTree = "<group>"; };
		184708FA1D5D1A350002BA29 /* Water App.app */ = {isa = PBXFileReference; explicitFileType = wrapper.application; includeInIndex = 0; path = "Water App.app"; sourceTree = BUILT_PRODUCTS_DIR; };
		184708FE1D5D1A350002BA29 /* main.m */ = {isa = PBXFileReference; lastKnownFileType = sourcecode.c.objc; path = main.m; sourceTree = "<group>"; };
		184709001D5D1A350002BA29 /* AppDelegate.h */ = {isa = PBXFileReference; lastKnownFileType = sourcecode.c.h; path = AppDelegate.h; sourceTree = "<group>"; };
		184709011D5D1A350002BA29 /* AppDelegate.m */ = {isa = PBXFileReference; lastKnownFileType = sourcecode.c.objc; path = AppDelegate.m; sourceTree = "<group>"; };
		184709041D5D1A350002BA29 /* Water_App.xcdatamodel */ = {isa = PBXFileReference; lastKnownFileType = wrapper.xcdatamodel; path = Water_App.xcdatamodel; sourceTree = "<group>"; };
		184709061D5D1A350002BA29 /* Assets.xcassets */ = {isa = PBXFileReference; lastKnownFileType = folder.assetcatalog; path = Assets.xcassets; sourceTree = "<group>"; };
		184709091D5D1A350002BA29 /* Base */ = {isa = PBXFileReference; lastKnownFileType = file.storyboard; name = Base; path = Base.lproj/LaunchScreen.storyboard; sourceTree = "<group>"; };
		1847090B1D5D1A350002BA29 /* Info.plist */ = {isa = PBXFileReference; lastKnownFileType = text.plist.xml; path = Info.plist; sourceTree = "<group>"; };
		184709101D5D1A350002BA29 /* Water AppTests.xctest */ = {isa = PBXFileReference; explicitFileType = wrapper.cfbundle; includeInIndex = 0; path = "Water AppTests.xctest"; sourceTree = BUILT_PRODUCTS_DIR; };
		184709141D5D1A350002BA29 /* Water_AppTests.m */ = {isa = PBXFileReference; lastKnownFileType = sourcecode.c.objc; path = Water_AppTests.m; sourceTree = "<group>"; };
		184709161D5D1A350002BA29 /* Info.plist */ = {isa = PBXFileReference; lastKnownFileType = text.plist.xml; path = Info.plist; sourceTree = "<group>"; };
		1847091B1D5D1A350002BA29 /* Water AppUITests.xctest */ = {isa = PBXFileReference; explicitFileType = wrapper.cfbundle; includeInIndex = 0; path = "Water AppUITests.xctest"; sourceTree = BUILT_PRODUCTS_DIR; };
		1847091F1D5D1A350002BA29 /* Water_AppUITests.m */ = {isa = PBXFileReference; lastKnownFileType = sourcecode.c.objc; path = Water_AppUITests.m; sourceTree = "<group>"; };
		184709211D5D1A350002BA29 /* Info.plist */ = {isa = PBXFileReference; lastKnownFileType = text.plist.xml; path = Info.plist; sourceTree = "<group>"; };
		18843A951D60AA6A00856F67 /* DateFormatterManager.h */ = {isa = PBXFileReference; fileEncoding = 4; lastKnownFileType = sourcecode.c.h; path = DateFormatterManager.h; sourceTree = "<group>"; };
		18843A961D60AA6A00856F67 /* DateFormatterManager.m */ = {isa = PBXFileReference; fileEncoding = 4; lastKnownFileType = sourcecode.c.objc; path = DateFormatterManager.m; sourceTree = "<group>"; };
		18988FA01D5E2B3200540C77 /* IMG_0081.PNG */ = {isa = PBXFileReference; lastKnownFileType = image.png; path = IMG_0081.PNG; sourceTree = "<group>"; };
		18D5AB5C1D62153300FA01FE /* MainViewController.h */ = {isa = PBXFileReference; fileEncoding = 4; lastKnownFileType = sourcecode.c.h; path = MainViewController.h; sourceTree = "<group>"; };
		18D5AB5D1D62153300FA01FE /* MainViewController.m */ = {isa = PBXFileReference; fileEncoding = 4; lastKnownFileType = sourcecode.c.objc; path = MainViewController.m; sourceTree = "<group>"; };
		18D5AB5E1D62153300FA01FE /* MainViewController.xib */ = {isa = PBXFileReference; fileEncoding = 4; lastKnownFileType = file.xib; path = MainViewController.xib; sourceTree = "<group>"; };
		18FF6B361D6DA9F400E7FCB4 /* gear.png */ = {isa = PBXFileReference; lastKnownFileType = image.png; path = gear.png; sourceTree = "<group>"; };
		39580194057EBA0DF4A5A604 /* Pods-Water AppTests.release.xcconfig */ = {isa = PBXFileReference; includeInIndex = 1; lastKnownFileType = text.xcconfig; name = "Pods-Water AppTests.release.xcconfig"; path = "Pods/Target Support Files/Pods-Water AppTests/Pods-Water AppTests.release.xcconfig"; sourceTree = "<group>"; };
		5D1027E81150026436832B3C /* Pods-Water App.release.xcconfig */ = {isa = PBXFileReference; includeInIndex = 1; lastKnownFileType = text.xcconfig; name = "Pods-Water App.release.xcconfig"; path = "Pods/Target Support Files/Pods-Water App/Pods-Water App.release.xcconfig"; sourceTree = "<group>"; };
		856ED042F322CE40EDEADDA7 /* Pods-Water App.debug.xcconfig */ = {isa = PBXFileReference; includeInIndex = 1; lastKnownFileType = text.xcconfig; name = "Pods-Water App.debug.xcconfig"; path = "Pods/Target Support Files/Pods-Water App/Pods-Water App.debug.xcconfig"; sourceTree = "<group>"; };
		B2E5C3C14A09BFE8EBD96B14 /* libPods-Water AppTests.a */ = {isa = PBXFileReference; explicitFileType = archive.ar; includeInIndex = 0; path = "libPods-Water AppTests.a"; sourceTree = BUILT_PRODUCTS_DIR; };
		BC4E97425D70DF529A700ED1 /* libPods-Water AppUITests.a */ = {isa = PBXFileReference; explicitFileType = archive.ar; includeInIndex = 0; path = "libPods-Water AppUITests.a"; sourceTree = BUILT_PRODUCTS_DIR; };
		D402649860DC04DFD3CD3D43 /* Pods-Water AppTests.debug.xcconfig */ = {isa = PBXFileReference; includeInIndex = 1; lastKnownFileType = text.xcconfig; name = "Pods-Water AppTests.debug.xcconfig"; path = "Pods/Target Support Files/Pods-Water AppTests/Pods-Water AppTests.debug.xcconfig"; sourceTree = "<group>"; };
		F7E641946C9FFB906B0958E0 /* libPods-Water App.a */ = {isa = PBXFileReference; explicitFileType = archive.ar; includeInIndex = 0; path = "libPods-Water App.a"; sourceTree = BUILT_PRODUCTS_DIR; };
		FE3F2A17D4D8F9E57DF61258 /* Pods-Water AppUITests.debug.xcconfig */ = {isa = PBXFileReference; includeInIndex = 1; lastKnownFileType = text.xcconfig; name = "Pods-Water AppUITests.debug.xcconfig"; path = "Pods/Target Support Files/Pods-Water AppUITests/Pods-Water AppUITests.debug.xcconfig"; sourceTree = "<group>"; };
/* End PBXFileReference section */

/* Begin PBXFrameworksBuildPhase section */
		184708F71D5D1A350002BA29 /* Frameworks */ = {
			isa = PBXFrameworksBuildPhase;
			buildActionMask = 2147483647;
			files = (
				65C01FAC34DCF9581D1E7BD7 /* libPods-Water App.a in Frameworks */,
			);
			runOnlyForDeploymentPostprocessing = 0;
		};
		1847090D1D5D1A350002BA29 /* Frameworks */ = {
			isa = PBXFrameworksBuildPhase;
			buildActionMask = 2147483647;
			files = (
				84018ED7E5EC5DE9FDED3696 /* libPods-Water AppTests.a in Frameworks */,
			);
			runOnlyForDeploymentPostprocessing = 0;
		};
		184709181D5D1A350002BA29 /* Frameworks */ = {
			isa = PBXFrameworksBuildPhase;
			buildActionMask = 2147483647;
			files = (
				7A1DD4C72F87DC9611C1F8C8 /* libPods-Water AppUITests.a in Frameworks */,
			);
			runOnlyForDeploymentPostprocessing = 0;
		};
/* End PBXFrameworksBuildPhase section */

/* Begin PBXGroup section */
		0BD439002F58D5D0D7D51728 /* Frameworks */ = {
			isa = PBXGroup;
			children = (
				F7E641946C9FFB906B0958E0 /* libPods-Water App.a */,
				B2E5C3C14A09BFE8EBD96B14 /* libPods-Water AppTests.a */,
				BC4E97425D70DF529A700ED1 /* libPods-Water AppUITests.a */,
			);
			name = Frameworks;
			sourceTree = "<group>";
		};
		184708F11D5D1A350002BA29 = {
			isa = PBXGroup;
			children = (
				184708FC1D5D1A350002BA29 /* Water App */,
				184709131D5D1A350002BA29 /* Water AppTests */,
				1847091E1D5D1A350002BA29 /* Water AppUITests */,
				184708FB1D5D1A350002BA29 /* Products */,
				DB4AA73358EC6EF50A18B697 /* Pods */,
				0BD439002F58D5D0D7D51728 /* Frameworks */,
			);
			sourceTree = "<group>";
		};
		184708FB1D5D1A350002BA29 /* Products */ = {
			isa = PBXGroup;
			children = (
				184708FA1D5D1A350002BA29 /* Water App.app */,
				184709101D5D1A350002BA29 /* Water AppTests.xctest */,
				1847091B1D5D1A350002BA29 /* Water AppUITests.xctest */,
			);
			name = Products;
			sourceTree = "<group>";
		};
		184708FC1D5D1A350002BA29 /* Water App */ = {
			isa = PBXGroup;
			children = (
				184709001D5D1A350002BA29 /* AppDelegate.h */,
				184709011D5D1A350002BA29 /* AppDelegate.m */,
				18E2B2831D6BEB66003507B5 /* Models */,
				18E2B2801D6BEB29003507B5 /* Views */,
				18E2B2821D6BEB5E003507B5 /* Controllers */,
				184709061D5D1A350002BA29 /* Assets.xcassets */,
				184709081D5D1A350002BA29 /* LaunchScreen.storyboard */,
				1847090B1D5D1A350002BA29 /* Info.plist */,
				184709031D5D1A350002BA29 /* Water_App.xcdatamodeld */,
				184708FD1D5D1A350002BA29 /* Supporting Files */,
			);
			path = "Water App";
			sourceTree = "<group>";
		};
		184708FD1D5D1A350002BA29 /* Supporting Files */ = {
			isa = PBXGroup;
			children = (
				18FF6B361D6DA9F400E7FCB4 /* gear.png */,
				18988FA01D5E2B3200540C77 /* IMG_0081.PNG */,
				184708FE1D5D1A350002BA29 /* main.m */,
			);
			name = "Supporting Files";
			sourceTree = "<group>";
		};
		184709131D5D1A350002BA29 /* Water AppTests */ = {
			isa = PBXGroup;
			children = (
				184709141D5D1A350002BA29 /* Water_AppTests.m */,
				184709161D5D1A350002BA29 /* Info.plist */,
			);
			path = "Water AppTests";
			sourceTree = "<group>";
		};
		1847091E1D5D1A350002BA29 /* Water AppUITests */ = {
			isa = PBXGroup;
			children = (
				1847091F1D5D1A350002BA29 /* Water_AppUITests.m */,
				184709211D5D1A350002BA29 /* Info.plist */,
			);
			path = "Water AppUITests";
			sourceTree = "<group>";
		};
		18E2B2801D6BEB29003507B5 /* Views */ = {
			isa = PBXGroup;
			children = (
				18D5AB5E1D62153300FA01FE /* MainViewController.xib */,
			);
			name = Views;
			sourceTree = "<group>";
		};
		18E2B2821D6BEB5E003507B5 /* Controllers */ = {
			isa = PBXGroup;
			children = (
				18D5AB5C1D62153300FA01FE /* MainViewController.h */,
				18D5AB5D1D62153300FA01FE /* MainViewController.m */,
				1814B60A1D5DAB6100286822 /* EntryManager.h */,
				1814B60B1D5DAB6100286822 /* EntryManager.m */,
				18843A951D60AA6A00856F67 /* DateFormatterManager.h */,
				18843A961D60AA6A00856F67 /* DateFormatterManager.m */,
			);
			name = Controllers;
			sourceTree = "<group>";
		};
		18E2B2831D6BEB66003507B5 /* Models */ = {
			isa = PBXGroup;
			children = (
				1814B6041D5DAACC00286822 /* Entry+CoreDataProperties.h */,
				1814B6051D5DAACC00286822 /* Entry+CoreDataProperties.m */,
				1814B6061D5DAACC00286822 /* Entry.h */,
				1814B6071D5DAACC00286822 /* Entry.m */,
			);
			name = Models;
			sourceTree = "<group>";
		};
		DB4AA73358EC6EF50A18B697 /* Pods */ = {
			isa = PBXGroup;
			children = (
				856ED042F322CE40EDEADDA7 /* Pods-Water App.debug.xcconfig */,
				5D1027E81150026436832B3C /* Pods-Water App.release.xcconfig */,
				D402649860DC04DFD3CD3D43 /* Pods-Water AppTests.debug.xcconfig */,
				39580194057EBA0DF4A5A604 /* Pods-Water AppTests.release.xcconfig */,
				FE3F2A17D4D8F9E57DF61258 /* Pods-Water AppUITests.debug.xcconfig */,
				0186C14BB0F19DC1988C7C14 /* Pods-Water AppUITests.release.xcconfig */,
			);
			name = Pods;
			sourceTree = "<group>";
		};
/* End PBXGroup section */

/* Begin PBXNativeTarget section */
		184708F91D5D1A350002BA29 /* Water App */ = {
			isa = PBXNativeTarget;
			buildConfigurationList = 184709241D5D1A350002BA29 /* Build configuration list for PBXNativeTarget "Water App" */;
			buildPhases = (
				56AD3FCF5FB5B7F07EB1739F /* [CP] Check Pods Manifest.lock */,
				184708F61D5D1A350002BA29 /* Sources */,
				184708F71D5D1A350002BA29 /* Frameworks */,
				184708F81D5D1A350002BA29 /* Resources */,
				FC48FE25342888EDBC3DCD70 /* [CP] Embed Pods Frameworks */,
				666E4DE06DCAE692DDF3F7AD /* [CP] Copy Pods Resources */,
			);
			buildRules = (
			);
			dependencies = (
			);
			name = "Water App";
			productName = "Water App";
			productReference = 184708FA1D5D1A350002BA29 /* Water App.app */;
			productType = "com.apple.product-type.application";
		};
		1847090F1D5D1A350002BA29 /* Water AppTests */ = {
			isa = PBXNativeTarget;
			buildConfigurationList = 184709271D5D1A350002BA29 /* Build configuration list for PBXNativeTarget "Water AppTests" */;
			buildPhases = (
				A0E9B901AAB56BC6AD678747 /* [CP] Check Pods Manifest.lock */,
				1847090C1D5D1A350002BA29 /* Sources */,
				1847090D1D5D1A350002BA29 /* Frameworks */,
				1847090E1D5D1A350002BA29 /* Resources */,
				2FA1B36D855B8FF3DF38A971 /* [CP] Embed Pods Frameworks */,
				F424FB281F7015FE6D9C9BF9 /* [CP] Copy Pods Resources */,
			);
			buildRules = (
			);
			dependencies = (
				184709121D5D1A350002BA29 /* PBXTargetDependency */,
			);
			name = "Water AppTests";
			productName = "Water AppTests";
			productReference = 184709101D5D1A350002BA29 /* Water AppTests.xctest */;
			productType = "com.apple.product-type.bundle.unit-test";
		};
		1847091A1D5D1A350002BA29 /* Water AppUITests */ = {
			isa = PBXNativeTarget;
			buildConfigurationList = 1847092A1D5D1A350002BA29 /* Build configuration list for PBXNativeTarget "Water AppUITests" */;
			buildPhases = (
				A88C839549A4A1709104FE3D /* [CP] Check Pods Manifest.lock */,
				184709171D5D1A350002BA29 /* Sources */,
				184709181D5D1A350002BA29 /* Frameworks */,
				184709191D5D1A350002BA29 /* Resources */,
				ECD5F94011ABD952D3851EED /* [CP] Copy Pods Resources */,
			);
			buildRules = (
			);
			dependencies = (
				1847091D1D5D1A350002BA29 /* PBXTargetDependency */,
			);
			name = "Water AppUITests";
			productName = "Water AppUITests";
			productReference = 1847091B1D5D1A350002BA29 /* Water AppUITests.xctest */;
			productType = "com.apple.product-type.bundle.ui-testing";
		};
/* End PBXNativeTarget section */

/* Begin PBXProject section */
		184708F21D5D1A350002BA29 /* Project object */ = {
			isa = PBXProject;
			attributes = {
				LastUpgradeCheck = 0730;
				ORGANIZATIONNAME = Immanuel;
				TargetAttributes = {
					184708F91D5D1A350002BA29 = {
						CreatedOnToolsVersion = 7.3;
						DevelopmentTeam = YD6XDYJUC5;
					};
					1847090F1D5D1A350002BA29 = {
						CreatedOnToolsVersion = 7.3;
						DevelopmentTeam = YD6XDYJUC5;
						TestTargetID = 184708F91D5D1A350002BA29;
					};
					1847091A1D5D1A350002BA29 = {
						CreatedOnToolsVersion = 7.3;
						DevelopmentTeam = YD6XDYJUC5;
						TestTargetID = 184708F91D5D1A350002BA29;
					};
				};
			};
			buildConfigurationList = 184708F51D5D1A350002BA29 /* Build configuration list for PBXProject "Water App" */;
			compatibilityVersion = "Xcode 3.2";
			developmentRegion = English;
			hasScannedForEncodings = 0;
			knownRegions = (
				en,
				Base,
			);
			mainGroup = 184708F11D5D1A350002BA29;
			productRefGroup = 184708FB1D5D1A350002BA29 /* Products */;
			projectDirPath = "";
			projectRoot = "";
			targets = (
				184708F91D5D1A350002BA29 /* Water App */,
				1847090F1D5D1A350002BA29 /* Water AppTests */,
				1847091A1D5D1A350002BA29 /* Water AppUITests */,
			);
		};
/* End PBXProject section */

/* Begin PBXResourcesBuildPhase section */
		184708F81D5D1A350002BA29 /* Resources */ = {
			isa = PBXResourcesBuildPhase;
			buildActionMask = 2147483647;
			files = (
				18FF6B371D6DA9F400E7FCB4 /* gear.png in Resources */,
				184709071D5D1A350002BA29 /* Assets.xcassets in Resources */,
				18D5AB601D62153300FA01FE /* MainViewController.xib in Resources */,
				18988FA11D5E2B3200540C77 /* IMG_0081.PNG in Resources */,
				1847090A1D5D1A350002BA29 /* LaunchScreen.storyboard in Resources */,
			);
			runOnlyForDeploymentPostprocessing = 0;
		};
		1847090E1D5D1A350002BA29 /* Resources */ = {
			isa = PBXResourcesBuildPhase;
			buildActionMask = 2147483647;
			files = (
			);
			runOnlyForDeploymentPostprocessing = 0;
		};
		184709191D5D1A350002BA29 /* Resources */ = {
			isa = PBXResourcesBuildPhase;
			buildActionMask = 2147483647;
			files = (
			);
			runOnlyForDeploymentPostprocessing = 0;
		};
/* End PBXResourcesBuildPhase section */

/* Begin PBXShellScriptBuildPhase section */
		2FA1B36D855B8FF3DF38A971 /* [CP] Embed Pods Frameworks */ = {
			isa = PBXShellScriptBuildPhase;
			buildActionMask = 2147483647;
			files = (
			);
			inputPaths = (
			);
			name = "[CP] Embed Pods Frameworks";
			outputPaths = (
			);
			runOnlyForDeploymentPostprocessing = 0;
			shellPath = /bin/sh;
			shellScript = "\"${SRCROOT}/Pods/Target Support Files/Pods-Water AppTests/Pods-Water AppTests-frameworks.sh\"\n";
			showEnvVarsInLog = 0;
		};
		56AD3FCF5FB5B7F07EB1739F /* [CP] Check Pods Manifest.lock */ = {
			isa = PBXShellScriptBuildPhase;
			buildActionMask = 2147483647;
			files = (
			);
			inputPaths = (
			);
			name = "[CP] Check Pods Manifest.lock";
			outputPaths = (
			);
			runOnlyForDeploymentPostprocessing = 0;
			shellPath = /bin/sh;
			shellScript = "diff \"${PODS_ROOT}/../Podfile.lock\" \"${PODS_ROOT}/Manifest.lock\" > /dev/null\nif [[ $? != 0 ]] ; then\n    cat << EOM\nerror: The sandbox is not in sync with the Podfile.lock. Run 'pod install' or update your CocoaPods installation.\nEOM\n    exit 1\nfi\n";
			showEnvVarsInLog = 0;
		};
		666E4DE06DCAE692DDF3F7AD /* [CP] Copy Pods Resources */ = {
			isa = PBXShellScriptBuildPhase;
			buildActionMask = 2147483647;
			files = (
			);
			inputPaths = (
			);
			name = "[CP] Copy Pods Resources";
			outputPaths = (
			);
			runOnlyForDeploymentPostprocessing = 0;
			shellPath = /bin/sh;
			shellScript = "\"${SRCROOT}/Pods/Target Support Files/Pods-Water App/Pods-Water App-resources.sh\"\n";
			showEnvVarsInLog = 0;
		};
		A0E9B901AAB56BC6AD678747 /* [CP] Check Pods Manifest.lock */ = {
			isa = PBXShellScriptBuildPhase;
			buildActionMask = 2147483647;
			files = (
			);
			inputPaths = (
			);
			name = "[CP] Check Pods Manifest.lock";
			outputPaths = (
			);
			runOnlyForDeploymentPostprocessing = 0;
			shellPath = /bin/sh;
			shellScript = "diff \"${PODS_ROOT}/../Podfile.lock\" \"${PODS_ROOT}/Manifest.lock\" > /dev/null\nif [[ $? != 0 ]] ; then\n    cat << EOM\nerror: The sandbox is not in sync with the Podfile.lock. Run 'pod install' or update your CocoaPods installation.\nEOM\n    exit 1\nfi\n";
			showEnvVarsInLog = 0;
		};
		A88C839549A4A1709104FE3D /* [CP] Check Pods Manifest.lock */ = {
			isa = PBXShellScriptBuildPhase;
			buildActionMask = 2147483647;
			files = (
			);
			inputPaths = (
			);
			name = "[CP] Check Pods Manifest.lock";
			outputPaths = (
			);
			runOnlyForDeploymentPostprocessing = 0;
			shellPath = /bin/sh;
			shellScript = "diff \"${PODS_ROOT}/../Podfile.lock\" \"${PODS_ROOT}/Manifest.lock\" > /dev/null\nif [[ $? != 0 ]] ; then\n    cat << EOM\nerror: The sandbox is not in sync with the Podfile.lock. Run 'pod install' or update your CocoaPods installation.\nEOM\n    exit 1\nfi\n";
			showEnvVarsInLog = 0;
		};
		ECD5F94011ABD952D3851EED /* [CP] Copy Pods Resources */ = {
			isa = PBXShellScriptBuildPhase;
			buildActionMask = 2147483647;
			files = (
			);
			inputPaths = (
			);
			name = "[CP] Copy Pods Resources";
			outputPaths = (
			);
			runOnlyForDeploymentPostprocessing = 0;
			shellPath = /bin/sh;
			shellScript = "\"${SRCROOT}/Pods/Target Support Files/Pods-Water AppUITests/Pods-Water AppUITests-resources.sh\"\n";
			showEnvVarsInLog = 0;
		};
		F424FB281F7015FE6D9C9BF9 /* [CP] Copy Pods Resources */ = {
			isa = PBXShellScriptBuildPhase;
			buildActionMask = 2147483647;
			files = (
			);
			inputPaths = (
			);
			name = "[CP] Copy Pods Resources";
			outputPaths = (
			);
			runOnlyForDeploymentPostprocessing = 0;
			shellPath = /bin/sh;
			shellScript = "\"${SRCROOT}/Pods/Target Support Files/Pods-Water AppTests/Pods-Water AppTests-resources.sh\"\n";
			showEnvVarsInLog = 0;
		};
		FC48FE25342888EDBC3DCD70 /* [CP] Embed Pods Frameworks */ = {
			isa = PBXShellScriptBuildPhase;
			buildActionMask = 2147483647;
			files = (
			);
			inputPaths = (
			);
			name = "[CP] Embed Pods Frameworks";
			outputPaths = (
			);
			runOnlyForDeploymentPostprocessing = 0;
			shellPath = /bin/sh;
			shellScript = "\"${SRCROOT}/Pods/Target Support Files/Pods-Water App/Pods-Water App-frameworks.sh\"\n";
			showEnvVarsInLog = 0;
		};
/* End PBXShellScriptBuildPhase section */

/* Begin PBXSourcesBuildPhase section */
		184708F61D5D1A350002BA29 /* Sources */ = {
			isa = PBXSourcesBuildPhase;
			buildActionMask = 2147483647;
			files = (
				1814B60C1D5DAB6100286822 /* EntryManager.m in Sources */,
				184709051D5D1A350002BA29 /* Water_App.xcdatamodeld in Sources */,
				1814B6091D5DAACC00286822 /* Entry.m in Sources */,
				18D5AB5F1D62153300FA01FE /* MainViewController.m in Sources */,
				184709021D5D1A350002BA29 /* AppDelegate.m in Sources */,
				1814B6081D5DAACC00286822 /* Entry+CoreDataProperties.m in Sources */,
				184708FF1D5D1A350002BA29 /* main.m in Sources */,
				18843A971D60AA6A00856F67 /* DateFormatterManager.m in Sources */,
			);
			runOnlyForDeploymentPostprocessing = 0;
		};
		1847090C1D5D1A350002BA29 /* Sources */ = {
			isa = PBXSourcesBuildPhase;
			buildActionMask = 2147483647;
			files = (
				184709151D5D1A350002BA29 /* Water_AppTests.m in Sources */,
			);
			runOnlyForDeploymentPostprocessing = 0;
		};
		184709171D5D1A350002BA29 /* Sources */ = {
			isa = PBXSourcesBuildPhase;
			buildActionMask = 2147483647;
			files = (
				184709201D5D1A350002BA29 /* Water_AppUITests.m in Sources */,
			);
			runOnlyForDeploymentPostprocessing = 0;
		};
/* End PBXSourcesBuildPhase section */

/* Begin PBXTargetDependency section */
		184709121D5D1A350002BA29 /* PBXTargetDependency */ = {
			isa = PBXTargetDependency;
			target = 184708F91D5D1A350002BA29 /* Water App */;
			targetProxy = 184709111D5D1A350002BA29 /* PBXContainerItemProxy */;
		};
		1847091D1D5D1A350002BA29 /* PBXTargetDependency */ = {
			isa = PBXTargetDependency;
			target = 184708F91D5D1A350002BA29 /* Water App */;
			targetProxy = 1847091C1D5D1A350002BA29 /* PBXContainerItemProxy */;
		};
/* End PBXTargetDependency section */

/* Begin PBXVariantGroup section */
		184709081D5D1A350002BA29 /* LaunchScreen.storyboard */ = {
			isa = PBXVariantGroup;
			children = (
				184709091D5D1A350002BA29 /* Base */,
			);
			name = LaunchScreen.storyboard;
			sourceTree = "<group>";
		};
/* End PBXVariantGroup section */

/* Begin XCBuildConfiguration section */
		184709221D5D1A350002BA29 /* Debug */ = {
			isa = XCBuildConfiguration;
			buildSettings = {
				ALWAYS_SEARCH_USER_PATHS = NO;
				CLANG_ANALYZER_NONNULL = YES;
				CLANG_CXX_LANGUAGE_STANDARD = "gnu++0x";
				CLANG_CXX_LIBRARY = "libc++";
				CLANG_ENABLE_MODULES = YES;
				CLANG_ENABLE_OBJC_ARC = YES;
				CLANG_WARN_BOOL_CONVERSION = YES;
				CLANG_WARN_CONSTANT_CONVERSION = YES;
				CLANG_WARN_DIRECT_OBJC_ISA_USAGE = YES_ERROR;
				CLANG_WARN_EMPTY_BODY = YES;
				CLANG_WARN_ENUM_CONVERSION = YES;
				CLANG_WARN_INT_CONVERSION = YES;
				CLANG_WARN_OBJC_ROOT_CLASS = YES_ERROR;
				CLANG_WARN_UNREACHABLE_CODE = YES;
				CLANG_WARN__DUPLICATE_METHOD_MATCH = YES;
				"CODE_SIGN_IDENTITY[sdk=iphoneos*]" = "iPhone Developer";
				COPY_PHASE_STRIP = NO;
				DEBUG_INFORMATION_FORMAT = dwarf;
				ENABLE_STRICT_OBJC_MSGSEND = YES;
				ENABLE_TESTABILITY = YES;
				GCC_C_LANGUAGE_STANDARD = gnu99;
				GCC_DYNAMIC_NO_PIC = NO;
				GCC_NO_COMMON_BLOCKS = YES;
				GCC_OPTIMIZATION_LEVEL = 0;
				GCC_PREPROCESSOR_DEFINITIONS = (
					"DEBUG=1",
					"$(inherited)",
				);
				GCC_WARN_64_TO_32_BIT_CONVERSION = YES;
				GCC_WARN_ABOUT_RETURN_TYPE = YES_ERROR;
				GCC_WARN_UNDECLARED_SELECTOR = YES;
				GCC_WARN_UNINITIALIZED_AUTOS = YES_AGGRESSIVE;
				GCC_WARN_UNUSED_FUNCTION = YES;
				GCC_WARN_UNUSED_VARIABLE = YES;
				IPHONEOS_DEPLOYMENT_TARGET = 9.3;
				MTL_ENABLE_DEBUG_INFO = YES;
				ONLY_ACTIVE_ARCH = YES;
				SDKROOT = iphoneos;
			};
			name = Debug;
		};
		184709231D5D1A350002BA29 /* Release */ = {
			isa = XCBuildConfiguration;
			buildSettings = {
				ALWAYS_SEARCH_USER_PATHS = NO;
				CLANG_ANALYZER_NONNULL = YES;
				CLANG_CXX_LANGUAGE_STANDARD = "gnu++0x";
				CLANG_CXX_LIBRARY = "libc++";
				CLANG_ENABLE_MODULES = YES;
				CLANG_ENABLE_OBJC_ARC = YES;
				CLANG_WARN_BOOL_CONVERSION = YES;
				CLANG_WARN_CONSTANT_CONVERSION = YES;
				CLANG_WARN_DIRECT_OBJC_ISA_USAGE = YES_ERROR;
				CLANG_WARN_EMPTY_BODY = YES;
				CLANG_WARN_ENUM_CONVERSION = YES;
				CLANG_WARN_INT_CONVERSION = YES;
				CLANG_WARN_OBJC_ROOT_CLASS = YES_ERROR;
				CLANG_WARN_UNREACHABLE_CODE = YES;
				CLANG_WARN__DUPLICATE_METHOD_MATCH = YES;
				"CODE_SIGN_IDENTITY[sdk=iphoneos*]" = "iPhone Developer";
				COPY_PHASE_STRIP = NO;
				DEBUG_INFORMATION_FORMAT = "dwarf-with-dsym";
				ENABLE_NS_ASSERTIONS = NO;
				ENABLE_STRICT_OBJC_MSGSEND = YES;
				GCC_C_LANGUAGE_STANDARD = gnu99;
				GCC_NO_COMMON_BLOCKS = YES;
				GCC_WARN_64_TO_32_BIT_CONVERSION = YES;
				GCC_WARN_ABOUT_RETURN_TYPE = YES_ERROR;
				GCC_WARN_UNDECLARED_SELECTOR = YES;
				GCC_WARN_UNINITIALIZED_AUTOS = YES_AGGRESSIVE;
				GCC_WARN_UNUSED_FUNCTION = YES;
				GCC_WARN_UNUSED_VARIABLE = YES;
				IPHONEOS_DEPLOYMENT_TARGET = 9.3;
				MTL_ENABLE_DEBUG_INFO = NO;
				SDKROOT = iphoneos;
				VALIDATE_PRODUCT = YES;
			};
			name = Release;
		};
		184709251D5D1A350002BA29 /* Debug */ = {
			isa = XCBuildConfiguration;
			baseConfigurationReference = 856ED042F322CE40EDEADDA7 /* Pods-Water App.debug.xcconfig */;
			buildSettings = {
				ASSETCATALOG_COMPILER_APPICON_NAME = AppIcon;
				INFOPLIST_FILE = "Water App/Info.plist";
				LD_RUNPATH_SEARCH_PATHS = "$(inherited) @executable_path/Frameworks";
				PRODUCT_BUNDLE_IDENTIFIER = "Immanuel.Water-App";
				PRODUCT_NAME = "$(TARGET_NAME)";
			};
			name = Debug;
		};
		184709261D5D1A350002BA29 /* Release */ = {
			isa = XCBuildConfiguration;
			baseConfigurationReference = 5D1027E81150026436832B3C /* Pods-Water App.release.xcconfig */;
			buildSettings = {
				ASSETCATALOG_COMPILER_APPICON_NAME = AppIcon;
				INFOPLIST_FILE = "Water App/Info.plist";
				LD_RUNPATH_SEARCH_PATHS = "$(inherited) @executable_path/Frameworks";
				PRODUCT_BUNDLE_IDENTIFIER = "Immanuel.Water-App";
				PRODUCT_NAME = "$(TARGET_NAME)";
			};
			name = Release;
		};
		184709281D5D1A350002BA29 /* Debug */ = {
			isa = XCBuildConfiguration;
			baseConfigurationReference = D402649860DC04DFD3CD3D43 /* Pods-Water AppTests.debug.xcconfig */;
			buildSettings = {
				BUNDLE_LOADER = "$(TEST_HOST)";
				INFOPLIST_FILE = "Water AppTests/Info.plist";
				LD_RUNPATH_SEARCH_PATHS = "$(inherited) @executable_path/Frameworks @loader_path/Frameworks";
				PRODUCT_BUNDLE_IDENTIFIER = "Immanuel.Water-AppTests";
				PRODUCT_NAME = "$(TARGET_NAME)";
				TEST_HOST = "$(BUILT_PRODUCTS_DIR)/Water App.app/Water App";
			};
			name = Debug;
		};
		184709291D5D1A350002BA29 /* Release */ = {
			isa = XCBuildConfiguration;
			baseConfigurationReference = 39580194057EBA0DF4A5A604 /* Pods-Water AppTests.release.xcconfig */;
			buildSettings = {
				BUNDLE_LOADER = "$(TEST_HOST)";
				INFOPLIST_FILE = "Water AppTests/Info.plist";
				LD_RUNPATH_SEARCH_PATHS = "$(inherited) @executable_path/Frameworks @loader_path/Frameworks";
				PRODUCT_BUNDLE_IDENTIFIER = "Immanuel.Water-AppTests";
				PRODUCT_NAME = "$(TARGET_NAME)";
				TEST_HOST = "$(BUILT_PRODUCTS_DIR)/Water App.app/Water App";
			};
			name = Release;
		};
		1847092B1D5D1A350002BA29 /* Debug */ = {
			isa = XCBuildConfiguration;
			baseConfigurationReference = FE3F2A17D4D8F9E57DF61258 /* Pods-Water AppUITests.debug.xcconfig */;
			buildSettings = {
				INFOPLIST_FILE = "Water AppUITests/Info.plist";
				LD_RUNPATH_SEARCH_PATHS = "$(inherited) @executable_path/Frameworks @loader_path/Frameworks";
				PRODUCT_BUNDLE_IDENTIFIER = "Immanuel.Water-AppUITests";
				PRODUCT_NAME = "$(TARGET_NAME)";
				TEST_TARGET_NAME = "Water App";
			};
			name = Debug;
		};
		1847092C1D5D1A350002BA29 /* Release */ = {
			isa = XCBuildConfiguration;
			baseConfigurationReference = 0186C14BB0F19DC1988C7C14 /* Pods-Water AppUITests.release.xcconfig */;
			buildSettings = {
				INFOPLIST_FILE = "Water AppUITests/Info.plist";
				LD_RUNPATH_SEARCH_PATHS = "$(inherited) @executable_path/Frameworks @loader_path/Frameworks";
				PRODUCT_BUNDLE_IDENTIFIER = "Immanuel.Water-AppUITests";
				PRODUCT_NAME = "$(TARGET_NAME)";
				TEST_TARGET_NAME = "Water App";
			};
			name = Release;
		};
/* End XCBuildConfiguration section */

/* Begin XCConfigurationList section */
		184708F51D5D1A350002BA29 /* Build configuration list for PBXProject "Water App" */ = {
			isa = XCConfigurationList;
			buildConfigurations = (
				184709221D5D1A350002BA29 /* Debug */,
				184709231D5D1A350002BA29 /* Release */,
			);
			defaultConfigurationIsVisible = 0;
			defaultConfigurationName = Release;
		};
		184709241D5D1A350002BA29 /* Build configuration list for PBXNativeTarget "Water App" */ = {
			isa = XCConfigurationList;
			buildConfigurations = (
				184709251D5D1A350002BA29 /* Debug */,
				184709261D5D1A350002BA29 /* Release */,
			);
			defaultConfigurationIsVisible = 0;
			defaultConfigurationName = Release;
		};
		184709271D5D1A350002BA29 /* Build configuration list for PBXNativeTarget "Water AppTests" */ = {
			isa = XCConfigurationList;
			buildConfigurations = (
				184709281D5D1A350002BA29 /* Debug */,
				184709291D5D1A350002BA29 /* Release */,
			);
			defaultConfigurationIsVisible = 0;
			defaultConfigurationName = Release;
		};
		1847092A1D5D1A350002BA29 /* Build configuration list for PBXNativeTarget "Water AppUITests" */ = {
			isa = XCConfigurationList;
			buildConfigurations = (
				1847092B1D5D1A350002BA29 /* Debug */,
				1847092C1D5D1A350002BA29 /* Release */,
			);
			defaultConfigurationIsVisible = 0;
			defaultConfigurationName = Release;
		};
/* End XCConfigurationList section */

/* Begin XCVersionGroup section */
		184709031D5D1A350002BA29 /* Water_App.xcdatamodeld */ = {
			isa = XCVersionGroup;
			children = (
				184709041D5D1A350002BA29 /* Water_App.xcdatamodel */,
			);
			currentVersion = 184709041D5D1A350002BA29 /* Water_App.xcdatamodel */;
			path = Water_App.xcdatamodeld;
			sourceTree = "<group>";
			versionGroupType = wrapper.xcdatamodel;
		};
/* End XCVersionGroup section */
	};
	rootObject = 184708F21D5D1A350002BA29 /* Project object */;
}
